
Microsoft Visual Studio Solution File, Format Version 12.00
# Visual Studio 15
VisualStudioVersion = 15.0.26403.0
MinimumVisualStudioVersion = 10.0.40219.1
Project("{FAE04EC0-301F-11D3-BF4B-00C04F79EFBC}") = "OfficeHVAC.Models", "OfficeHVAC.Models\OfficeHVAC.Models.csproj", "{584598C9-E1CD-4592-9A88-24F34D23D282}"
EndProject
Project("{FAE04EC0-301F-11D3-BF4B-00C04F79EFBC}") = "OfficeHVAC.Messages", "OfficeHVAC.Messages\OfficeHVAC.Messages.csproj", "{3ACF6AA9-1CB6-47E3-AEB7-1E5A95A2638B}"
	ProjectSection(ProjectDependencies) = postProject
		{584598C9-E1CD-4592-9A88-24F34D23D282} = {584598C9-E1CD-4592-9A88-24F34D23D282}
	EndProjectSection
EndProject
Project("{FAE04EC0-301F-11D3-BF4B-00C04F79EFBC}") = "OfficeHVAC.Applications.RoomSimulator", "OfficeHVAC.Applications.RoomSimulator\OfficeHVAC.Applications.RoomSimulator.csproj", "{689F64B8-BA6D-46EC-A7B1-8041ACC42EDA}"
	ProjectSection(ProjectDependencies) = postProject
		{3ACF6AA9-1CB6-47E3-AEB7-1E5A95A2638B} = {3ACF6AA9-1CB6-47E3-AEB7-1E5A95A2638B}
		{584598C9-E1CD-4592-9A88-24F34D23D282} = {584598C9-E1CD-4592-9A88-24F34D23D282}
	EndProjectSection
EndProject
Project("{FAE04EC0-301F-11D3-BF4B-00C04F79EFBC}") = "OfficeHVAC.Models.Tests", "OfficeHVAC.Models.Tests\OfficeHVAC.Models.Tests.csproj", "{AF3DE0CB-3AC2-4D96-A0E2-AA5BA5433D39}"
EndProject
Project("{FAE04EC0-301F-11D3-BF4B-00C04F79EFBC}") = "OfficeHVAC.Factories", "OfficeHVAC.Factories\OfficeHVAC.Factories.csproj", "{F678EE5A-B0C5-4314-AF14-EED628C9F630}"
EndProject
Project("{FAE04EC0-301F-11D3-BF4B-00C04F79EFBC}") = "OfficeHVAC.Factories.Tests", "OfficeHVAC.Factories.Tests\OfficeHVAC.Factories.Tests.csproj", "{DE8D9282-1A38-42ED-BC78-C1A0F62CA765}"
EndProject
Project("{2150E333-8FDC-42A3-9474-1A3956D46DE8}") = "Applications", "Applications", "{2E0A7F95-5F26-40DE-81A5-79FE112AAC85}"
EndProject
Project("{2150E333-8FDC-42A3-9474-1A3956D46DE8}") = "Modules", "Modules", "{794AA963-4C54-46F7-8191-F03A303355E3}"
EndProject
Project("{FAE04EC0-301F-11D3-BF4B-00C04F79EFBC}") = "OfficeHVAC.Modules.RoomSimulator", "OfficeHVAC.Modules.RoomSimulator\OfficeHVAC.Modules.RoomSimulator.csproj", "{6FCADE50-DBCE-4B84-AA05-55AC373B93EF}"
EndProject
Project("{FAE04EC0-301F-11D3-BF4B-00C04F79EFBC}") = "OfficeHVAC.Modules.RoomSimulator.Tests", "OfficeHVAC.Modules.RoomSimulator.Tests\OfficeHVAC.Modules.RoomSimulator.Tests.csproj", "{1FB5D144-1DE7-44CC-96B2-1B4FAAAFDE6F}"
EndProject
Project("{FAE04EC0-301F-11D3-BF4B-00C04F79EFBC}") = "OfficeHVAC.Modules.TimeSimulation", "OfficeHVAC.Modules.TimeSimulation\OfficeHVAC.Modules.TimeSimulation.csproj", "{641B89A7-EC7A-480F-858E-93B40A7C9197}"
EndProject
Project("{FAE04EC0-301F-11D3-BF4B-00C04F79EFBC}") = "OfficeHVAC.Modules.TimeSimulation.Tests", "OfficeHVAC.Modules.TimeSimulation.Tests\OfficeHVAC.Modules.TimeSimulation.Tests.csproj", "{9C8B6BDE-D08A-4DFF-9D3D-A09B7ED0C048}"
EndProject
Project("{FAE04EC0-301F-11D3-BF4B-00C04F79EFBC}") = "OfficeHVAC.Modules.TemperatureSimulation", "OfficeHVAC.Modules.TemperatureSimulation\OfficeHVAC.Modules.TemperatureSimulation.csproj", "{9CF90BD2-370B-4464-B4E6-3BFF8CD01BE1}"
EndProject
Project("{FAE04EC0-301F-11D3-BF4B-00C04F79EFBC}") = "OfficeHVAC.Modules.TemperatureSimulation.Tests", "OfficeHVAC.Modules.TemperatureSimulation.Tests\OfficeHVAC.Modules.TemperatureSimulation.Tests.csproj", "{F3629AC1-D17D-42EB-9130-BA68373AF798}"
EndProject
Project("{FAE04EC0-301F-11D3-BF4B-00C04F79EFBC}") = "OfficeHVAC.Modules.ServerSimulator", "OfficeHVAC.Modules.ServerSimulator\OfficeHVAC.Modules.ServerSimulator.csproj", "{4C73AC09-6B2F-405E-AD3F-7FC40D43105D}"
EndProject
Global
	GlobalSection(SolutionConfigurationPlatforms) = preSolution
		Debug|Any CPU = Debug|Any CPU
		Release|Any CPU = Release|Any CPU
	EndGlobalSection
	GlobalSection(ProjectConfigurationPlatforms) = postSolution
		{584598C9-E1CD-4592-9A88-24F34D23D282}.Debug|Any CPU.ActiveCfg = Debug|Any CPU
		{584598C9-E1CD-4592-9A88-24F34D23D282}.Debug|Any CPU.Build.0 = Debug|Any CPU
		{584598C9-E1CD-4592-9A88-24F34D23D282}.Release|Any CPU.ActiveCfg = Release|Any CPU
		{584598C9-E1CD-4592-9A88-24F34D23D282}.Release|Any CPU.Build.0 = Release|Any CPU
		{3ACF6AA9-1CB6-47E3-AEB7-1E5A95A2638B}.Debug|Any CPU.ActiveCfg = Debug|Any CPU
		{3ACF6AA9-1CB6-47E3-AEB7-1E5A95A2638B}.Debug|Any CPU.Build.0 = Debug|Any CPU
		{3ACF6AA9-1CB6-47E3-AEB7-1E5A95A2638B}.Release|Any CPU.ActiveCfg = Release|Any CPU
		{3ACF6AA9-1CB6-47E3-AEB7-1E5A95A2638B}.Release|Any CPU.Build.0 = Release|Any CPU
		{689F64B8-BA6D-46EC-A7B1-8041ACC42EDA}.Debug|Any CPU.ActiveCfg = Debug|Any CPU
		{689F64B8-BA6D-46EC-A7B1-8041ACC42EDA}.Debug|Any CPU.Build.0 = Debug|Any CPU
		{689F64B8-BA6D-46EC-A7B1-8041ACC42EDA}.Release|Any CPU.ActiveCfg = Release|Any CPU
		{689F64B8-BA6D-46EC-A7B1-8041ACC42EDA}.Release|Any CPU.Build.0 = Release|Any CPU
		{AF3DE0CB-3AC2-4D96-A0E2-AA5BA5433D39}.Debug|Any CPU.ActiveCfg = Debug|Any CPU
		{AF3DE0CB-3AC2-4D96-A0E2-AA5BA5433D39}.Debug|Any CPU.Build.0 = Debug|Any CPU
		{AF3DE0CB-3AC2-4D96-A0E2-AA5BA5433D39}.Release|Any CPU.ActiveCfg = Release|Any CPU
		{AF3DE0CB-3AC2-4D96-A0E2-AA5BA5433D39}.Release|Any CPU.Build.0 = Release|Any CPU
		{F678EE5A-B0C5-4314-AF14-EED628C9F630}.Debug|Any CPU.ActiveCfg = Debug|Any CPU
		{F678EE5A-B0C5-4314-AF14-EED628C9F630}.Debug|Any CPU.Build.0 = Debug|Any CPU
		{F678EE5A-B0C5-4314-AF14-EED628C9F630}.Release|Any CPU.ActiveCfg = Release|Any CPU
		{F678EE5A-B0C5-4314-AF14-EED628C9F630}.Release|Any CPU.Build.0 = Release|Any CPU
		{DE8D9282-1A38-42ED-BC78-C1A0F62CA765}.Debug|Any CPU.ActiveCfg = Debug|Any CPU
		{DE8D9282-1A38-42ED-BC78-C1A0F62CA765}.Debug|Any CPU.Build.0 = Debug|Any CPU
		{DE8D9282-1A38-42ED-BC78-C1A0F62CA765}.Release|Any CPU.ActiveCfg = Release|Any CPU
		{DE8D9282-1A38-42ED-BC78-C1A0F62CA765}.Release|Any CPU.Build.0 = Release|Any CPU
		{6FCADE50-DBCE-4B84-AA05-55AC373B93EF}.Debug|Any CPU.ActiveCfg = Debug|Any CPU
		{6FCADE50-DBCE-4B84-AA05-55AC373B93EF}.Debug|Any CPU.Build.0 = Debug|Any CPU
		{6FCADE50-DBCE-4B84-AA05-55AC373B93EF}.Release|Any CPU.ActiveCfg = Release|Any CPU
		{6FCADE50-DBCE-4B84-AA05-55AC373B93EF}.Release|Any CPU.Build.0 = Release|Any CPU
		{1FB5D144-1DE7-44CC-96B2-1B4FAAAFDE6F}.Debug|Any CPU.ActiveCfg = Debug|Any CPU
		{1FB5D144-1DE7-44CC-96B2-1B4FAAAFDE6F}.Debug|Any CPU.Build.0 = Debug|Any CPU
		{1FB5D144-1DE7-44CC-96B2-1B4FAAAFDE6F}.Release|Any CPU.ActiveCfg = Release|Any CPU
		{1FB5D144-1DE7-44CC-96B2-1B4FAAAFDE6F}.Release|Any CPU.Build.0 = Release|Any CPU
		{641B89A7-EC7A-480F-858E-93B40A7C9197}.Debug|Any CPU.ActiveCfg = Debug|Any CPU
		{641B89A7-EC7A-480F-858E-93B40A7C9197}.Debug|Any CPU.Build.0 = Debug|Any CPU
		{641B89A7-EC7A-480F-858E-93B40A7C9197}.Release|Any CPU.ActiveCfg = Release|Any CPU
		{641B89A7-EC7A-480F-858E-93B40A7C9197}.Release|Any CPU.Build.0 = Release|Any CPU
		{9C8B6BDE-D08A-4DFF-9D3D-A09B7ED0C048}.Debug|Any CPU.ActiveCfg = Debug|Any CPU
		{9C8B6BDE-D08A-4DFF-9D3D-A09B7ED0C048}.Debug|Any CPU.Build.0 = Debug|Any CPU
		{9C8B6BDE-D08A-4DFF-9D3D-A09B7ED0C048}.Release|Any CPU.ActiveCfg = Release|Any CPU
		{9C8B6BDE-D08A-4DFF-9D3D-A09B7ED0C048}.Release|Any CPU.Build.0 = Release|Any CPU
		{9CF90BD2-370B-4464-B4E6-3BFF8CD01BE1}.Debug|Any CPU.ActiveCfg = Debug|Any CPU
		{9CF90BD2-370B-4464-B4E6-3BFF8CD01BE1}.Debug|Any CPU.Build.0 = Debug|Any CPU
		{9CF90BD2-370B-4464-B4E6-3BFF8CD01BE1}.Release|Any CPU.ActiveCfg = Release|Any CPU
		{9CF90BD2-370B-4464-B4E6-3BFF8CD01BE1}.Release|Any CPU.Build.0 = Release|Any CPU
		{F3629AC1-D17D-42EB-9130-BA68373AF798}.Debug|Any CPU.ActiveCfg = Debug|Any CPU
		{F3629AC1-D17D-42EB-9130-BA68373AF798}.Debug|Any CPU.Build.0 = Debug|Any CPU
		{F3629AC1-D17D-42EB-9130-BA68373AF798}.Release|Any CPU.ActiveCfg = Release|Any CPU
		{F3629AC1-D17D-42EB-9130-BA68373AF798}.Release|Any CPU.Build.0 = Release|Any CPU
		{4C73AC09-6B2F-405E-AD3F-7FC40D43105D}.Debug|Any CPU.ActiveCfg = Debug|Any CPU
		{4C73AC09-6B2F-405E-AD3F-7FC40D43105D}.Debug|Any CPU.Build.0 = Debug|Any CPU
		{4C73AC09-6B2F-405E-AD3F-7FC40D43105D}.Release|Any CPU.ActiveCfg = Release|Any CPU
		{4C73AC09-6B2F-405E-AD3F-7FC40D43105D}.Release|Any CPU.Build.0 = Release|Any CPU
	EndGlobalSection
	GlobalSection(SolutionProperties) = preSolution
		HideSolutionNode = FALSE
	EndGlobalSection
	GlobalSection(NestedProjects) = preSolution
		{689F64B8-BA6D-46EC-A7B1-8041ACC42EDA} = {2E0A7F95-5F26-40DE-81A5-79FE112AAC85}
		{6FCADE50-DBCE-4B84-AA05-55AC373B93EF} = {794AA963-4C54-46F7-8191-F03A303355E3}
		{1FB5D144-1DE7-44CC-96B2-1B4FAAAFDE6F} = {794AA963-4C54-46F7-8191-F03A303355E3}
		{641B89A7-EC7A-480F-858E-93B40A7C9197} = {794AA963-4C54-46F7-8191-F03A303355E3}
		{9C8B6BDE-D08A-4DFF-9D3D-A09B7ED0C048} = {794AA963-4C54-46F7-8191-F03A303355E3}
		{9CF90BD2-370B-4464-B4E6-3BFF8CD01BE1} = {794AA963-4C54-46F7-8191-F03A303355E3}
		{F3629AC1-D17D-42EB-9130-BA68373AF798} = {794AA963-4C54-46F7-8191-F03A303355E3}
		{4C73AC09-6B2F-405E-AD3F-7FC40D43105D} = {794AA963-4C54-46F7-8191-F03A303355E3}
	EndGlobalSection
EndGlobal
